
Microsoft Visual Studio Solution File, Format Version 12.00
# Visual Studio Version 17
VisualStudioVersion = 17.11.35222.181
MinimumVisualStudioVersion = 10.0.40219.1
Project("{8BC9CEB8-8B4A-11D0-8D11-00A0C91BC942}") = "LAB6.4iter", "LAB6.4iter.vcxproj", "{254E23DE-B3CA-4BAC-BF9C-459D17F5E75B}"
EndProject
Project("{8BC9CEB8-8B4A-11D0-8D11-00A0C91BC942}") = "UnitTestLAB6.4iter", "..\UnitTestLAB6.4iter\UnitTestLAB6.4iter.vcxproj", "{66C80BD0-1177-45DB-B4DC-E88AD2E94A5F}"
EndProject
Global
	GlobalSection(SolutionConfigurationPlatforms) = preSolution
		Debug|x64 = Debug|x64
		Debug|x86 = Debug|x86
		Release|x64 = Release|x64
		Release|x86 = Release|x86
	EndGlobalSection
	GlobalSection(ProjectConfigurationPlatforms) = postSolution
		{254E23DE-B3CA-4BAC-BF9C-459D17F5E75B}.Debug|x64.ActiveCfg = Debug|x64
		{254E23DE-B3CA-4BAC-BF9C-459D17F5E75B}.Debug|x64.Build.0 = Debug|x64
		{254E23DE-B3CA-4BAC-BF9C-459D17F5E75B}.Debug|x86.ActiveCfg = Debug|Win32
		{254E23DE-B3CA-4BAC-BF9C-459D17F5E75B}.Debug|x86.Build.0 = Debug|Win32
		{254E23DE-B3CA-4BAC-BF9C-459D17F5E75B}.Release|x64.ActiveCfg = Release|x64
		{254E23DE-B3CA-4BAC-BF9C-459D17F5E75B}.Release|x64.Build.0 = Release|x64
		{254E23DE-B3CA-4BAC-BF9C-459D17F5E75B}.Release|x86.ActiveCfg = Release|Win32
		{254E23DE-B3CA-4BAC-BF9C-459D17F5E75B}.Release|x86.Build.0 = Release|Win32
		{66C80BD0-1177-45DB-B4DC-E88AD2E94A5F}.Debug|x64.ActiveCfg = Debug|x64
		{66C80BD0-1177-45DB-B4DC-E88AD2E94A5F}.Debug|x64.Build.0 = Debug|x64
		{66C80BD0-1177-45DB-B4DC-E88AD2E94A5F}.Debug|x86.ActiveCfg = Debug|Win32
		{66C80BD0-1177-45DB-B4DC-E88AD2E94A5F}.Debug|x86.Build.0 = Debug|Win32
		{66C80BD0-1177-45DB-B4DC-E88AD2E94A5F}.Release|x64.ActiveCfg = Release|x64
		{66C80BD0-1177-45DB-B4DC-E88AD2E94A5F}.Release|x64.Build.0 = Release|x64
		{66C80BD0-1177-45DB-B4DC-E88AD2E94A5F}.Release|x86.ActiveCfg = Release|Win32
		{66C80BD0-1177-45DB-B4DC-E88AD2E94A5F}.Release|x86.Build.0 = Release|Win32
	EndGlobalSection
	GlobalSection(SolutionProperties) = preSolution
		HideSolutionNode = FALSE
	EndGlobalSection
	GlobalSection(ExtensibilityGlobals) = postSolution
		SolutionGuid = {772A11E5-5645-4266-BE88-E14615716812}
	EndGlobalSection
EndGlobal
